
Microsoft Visual Studio Solution File, Format Version 12.00
# Visual Studio 15
VisualStudioVersion = 15.0.28307.1145
MinimumVisualStudioVersion = 10.0.40219.1
Project("{FAE04EC0-301F-11D3-BF4B-00C04F79EFBC}") = "MVCOnlineTicariOtomasyon", "MVCOnlineTicariOtomasyon\MVCOnlineTicariOtomasyon.csproj", "{F56C0612-E012-4224-9054-4FC63B33BC13}"
EndProject
Global
	GlobalSection(SolutionConfigurationPlatforms) = preSolution
		Debug|Any CPU = Debug|Any CPU
		Release|Any CPU = Release|Any CPU
	EndGlobalSection
	GlobalSection(ProjectConfigurationPlatforms) = postSolution
		{F56C0612-E012-4224-9054-4FC63B33BC13}.Debug|Any CPU.ActiveCfg = Debug|Any CPU
		{F56C0612-E012-4224-9054-4FC63B33BC13}.Debug|Any CPU.Build.0 = Debug|Any CPU
		{F56C0612-E012-4224-9054-4FC63B33BC13}.Release|Any CPU.ActiveCfg = Release|Any CPU
		{F56C0612-E012-4224-9054-4FC63B33BC13}.Release|Any CPU.Build.0 = Release|Any CPU
	EndGlobalSection
	GlobalSection(SolutionProperties) = preSolution
		HideSolutionNode = FALSE
	EndGlobalSection
	GlobalSection(ExtensibilityGlobals) = postSolution
		SolutionGuid = {C6DCE409-4AE3-4896-9771-A85283C9CCD8}
	EndGlobalSection
EndGlobal
